{
    "_readme": [
        "This file locks the dependencies of your project to a known state",
        "Read more about it at http://getcomposer.org/doc/01-basic-usage.md#composer-lock-the-lock-file",
        "This file is @generated automatically"
    ],
    "hash": "8a947bb74c378dec18d39ea445b023a4",
    "packages": [
        {
            "name": "jakeasmith/http_build_url",
            "version": "0.1.5",
            "source": {
                "type": "git",
                "url": "https://github.com/jakeasmith/http_build_url.git",
                "reference": "9d84710feab0f3d7c04c1e11dccef30ee350aad6"
            },
            "dist": {
                "type": "zip",
                "url": "https://api.github.com/repos/jakeasmith/http_build_url/zipball/9d84710feab0f3d7c04c1e11dccef30ee350aad6",
                "reference": "9d84710feab0f3d7c04c1e11dccef30ee350aad6",
                "shasum": ""
            },
            "require-dev": {
                "phpunit/phpunit": "~3.7"
            },
            "type": "library",
            "autoload": {
                "files": [
                    "src/http_build_url.php"
                ]
            },
            "notification-url": "https://packagist.org/downloads/",
            "license": [
                "MIT"
            ],
            "authors": [
                {
                    "name": "Jake A. Smith",
                    "email": "theman@jakeasmith.com"
                }
            ],
            "description": "Provides functionality for http_build_url() to environments without pecl_http.",
            "time": "2014-11-17 16:24:50"
        }
    ],
    "packages-dev": [],
    "aliases": [],
    "minimum-stability": "stable",
    "stability-flags": [],
    "prefer-stable": false,
    "prefer-lowest": false,
    "platform": [],
    "platform-dev": []
}
